
Microsoft Visual Studio Solution File, Format Version 12.00
# Visual Studio Version 17
VisualStudioVersion = 17.0.31903.59
MinimumVisualStudioVersion = 10.0.40219.1
Project("{888888A0-9F3D-457C-B088-3A5042F75D52}") = "bcause", "bcause.pyproj", "{2DB57EEF-80FF-4EA6-BBC5-71A78E3BD9A2}"
EndProject
Global
	GlobalSection(SolutionConfigurationPlatforms) = preSolution
		Debug|Any CPU = Debug|Any CPU
		Release|Any CPU = Release|Any CPU
	EndGlobalSection
	GlobalSection(ProjectConfigurationPlatforms) = postSolution
		{2DB57EEF-80FF-4EA6-BBC5-71A78E3BD9A2}.Debug|Any CPU.ActiveCfg = Debug|Any CPU
		{2DB57EEF-80FF-4EA6-BBC5-71A78E3BD9A2}.Release|Any CPU.ActiveCfg = Release|Any CPU
	EndGlobalSection
	GlobalSection(SolutionProperties) = preSolution
		HideSolutionNode = FALSE
	EndGlobalSection
	GlobalSection(ExtensibilityGlobals) = postSolution
		SolutionGuid = {D0D6F649-2E5F-41AF-9886-93B6AEA458F4}
	EndGlobalSection
EndGlobal
